// !$*UTF8*$!
{
	archiveVersion = 1;
	classes = {
	};
	objectVersion = 46;
	objects = {

/* Begin PBXBuildFile section */
		19ACE0B81B1FA9780085486F /* Launch Screen.xib in Resources */ = {isa = PBXBuildFile; fileRef = 19ACE0B71B1FA9780085486F /* Launch Screen.xib */; };
		19E1DA1B1B1EB5F00002312B /* Main.storyboard in Resources */ = {isa = PBXBuildFile; fileRef = BB162BDD19953896002E2095 /* Main.storyboard */; };
		BB162BCA19953896002E2095 /* Foundation.framework in Frameworks */ = {isa = PBXBuildFile; fileRef = BB162BC919953896002E2095 /* Foundation.framework */; };
		BB162BCC19953896002E2095 /* CoreGraphics.framework in Frameworks */ = {isa = PBXBuildFile; fileRef = BB162BCB19953896002E2095 /* CoreGraphics.framework */; };
		BB162BCE19953896002E2095 /* UIKit.framework in Frameworks */ = {isa = PBXBuildFile; fileRef = BB162BCD19953896002E2095 /* UIKit.framework */; };
		BB162BD019953896002E2095 /* SpriteKit.framework in Frameworks */ = {isa = PBXBuildFile; fileRef = BB162BCF19953896002E2095 /* SpriteKit.framework */; };
		BB162BD619953896002E2095 /* InfoPlist.strings in Resources */ = {isa = PBXBuildFile; fileRef = BB162BD419953896002E2095 /* InfoPlist.strings */; };
		BB162BD819953896002E2095 /* main.m in Sources */ = {isa = PBXBuildFile; fileRef = BB162BD719953896002E2095 /* main.m */; };
		BB162BDC19953896002E2095 /* TKAppDelegate.m in Sources */ = {isa = PBXBuildFile; fileRef = BB162BDB19953896002E2095 /* TKAppDelegate.m */; };
		BB162BE219953896002E2095 /* TKViewController.m in Sources */ = {isa = PBXBuildFile; fileRef = BB162BE119953896002E2095 /* TKViewController.m */; };
		BB162BE919953896002E2095 /* Images.xcassets in Resources */ = {isa = PBXBuildFile; fileRef = BB162BE819953896002E2095 /* Images.xcassets */; };
		BB162BF019953896002E2095 /* XCTest.framework in Frameworks */ = {isa = PBXBuildFile; fileRef = BB162BEF19953896002E2095 /* XCTest.framework */; };
		BB162BF119953896002E2095 /* Foundation.framework in Frameworks */ = {isa = PBXBuildFile; fileRef = BB162BC919953896002E2095 /* Foundation.framework */; };
		BB162BF219953896002E2095 /* UIKit.framework in Frameworks */ = {isa = PBXBuildFile; fileRef = BB162BCD19953896002E2095 /* UIKit.framework */; };
		BB162BFA19953896002E2095 /* InfoPlist.strings in Resources */ = {isa = PBXBuildFile; fileRef = BB162BF819953896002E2095 /* InfoPlist.strings */; };
		BB162BFC19953896002E2095 /* Space_Rescue_DogTests.m in Sources */ = {isa = PBXBuildFile; fileRef = BB162BFB19953896002E2095 /* Space_Rescue_DogTests.m */; };
		BB162C0A199539D6002E2095 /* TKUtil.m in Sources */ = {isa = PBXBuildFile; fileRef = BB162C09199539D6002E2095 /* TKUtil.m */; };
		BB162C0D19953A03002E2095 /* TKStepNode.m in Sources */ = {isa = PBXBuildFile; fileRef = BB162C0C19953A03002E2095 /* TKStepNode.m */; };
		BB162C1019953A16002E2095 /* TKCollectablesNode.m in Sources */ = {isa = PBXBuildFile; fileRef = BB162C0F19953A16002E2095 /* TKCollectablesNode.m */; };
		BB162C1419953A52002E2095 /* TKMeteoritesNode.m in Sources */ = {isa = PBXBuildFile; fileRef = BB162C1319953A52002E2095 /* TKMeteoritesNode.m */; };
		BB162C1719953A63002E2095 /* TKScrollingNode.m in Sources */ = {isa = PBXBuildFile; fileRef = BB162C1619953A63002E2095 /* TKScrollingNode.m */; };
		BB162C1B19953A90002E2095 /* TKHudNode.m in Sources */ = {isa = PBXBuildFile; fileRef = BB162C1A19953A90002E2095 /* TKHudNode.m */; };
		BB162C2519953B09002E2095 /* TKGameData.m in Sources */ = {isa = PBXBuildFile; fileRef = BB162C2419953B09002E2095 /* TKGameData.m */; };
		BB162C2819953B2F002E2095 /* TKMainCharacterNode.m in Sources */ = {isa = PBXBuildFile; fileRef = BB162C2719953B2F002E2095 /* TKMainCharacterNode.m */; };
		BB162C2B19953B9C002E2095 /* TKGameplayScene.m in Sources */ = {isa = PBXBuildFile; fileRef = BB162C2A19953B9C002E2095 /* TKGameplayScene.m */; };
		BB162C2F19953BF1002E2095 /* TKGameOverNode.m in Sources */ = {isa = PBXBuildFile; fileRef = BB162C2E19953BF1002E2095 /* TKGameOverNode.m */; };
		BB162C3919953C1A002E2095 /* Gameplay.mp3 in Resources */ = {isa = PBXBuildFile; fileRef = BB162C3319953C1A002E2095 /* Gameplay.mp3 */; };
		BB162C3A19953C1A002E2095 /* Intro.mp3 in Resources */ = {isa = PBXBuildFile; fileRef = BB162C3419953C1A002E2095 /* Intro.mp3 */; };
		BB162C4219953C3F002E2095 /* ExplosionFire.sks in Resources */ = {isa = PBXBuildFile; fileRef = BB162C3E19953C3F002E2095 /* ExplosionFire.sks */; };
		BB162C4319953C3F002E2095 /* Smoke.png in Resources */ = {isa = PBXBuildFile; fileRef = BB162C3F19953C3F002E2095 /* Smoke.png */; };
		BB162C4419953C3F002E2095 /* Smoke.sks in Resources */ = {isa = PBXBuildFile; fileRef = BB162C4019953C3F002E2095 /* Smoke.sks */; };
		BB162C4519953C3F002E2095 /* Spark.sks in Resources */ = {isa = PBXBuildFile; fileRef = BB162C4119953C3F002E2095 /* Spark.sks */; };
		BB162C4C19953C9D002E2095 /* TKTitleScene.m in Sources */ = {isa = PBXBuildFile; fileRef = BB162C4B19953C9D002E2095 /* TKTitleScene.m */; };
		BB162C4E1995D79A002E2095 /* AVFoundation.framework in Frameworks */ = {isa = PBXBuildFile; fileRef = BB162C4D1995D79A002E2095 /* AVFoundation.framework */; };
		BB162CB01999249C002E2095 /* GameKit.framework in Frameworks */ = {isa = PBXBuildFile; fileRef = BB162CAF1999249C002E2095 /* GameKit.framework */; };
		BB162CB71999ABE7002E2095 /* sceneSwitch.caf in Resources */ = {isa = PBXBuildFile; fileRef = BB162CB31999A6EF002E2095 /* sceneSwitch.caf */; };
		BB162CB81999ABE7002E2095 /* GameoverSound.caf in Resources */ = {isa = PBXBuildFile; fileRef = BB162CB61999A70A002E2095 /* GameoverSound.caf */; };
		BB162CB91999ABE7002E2095 /* takeOff.caf in Resources */ = {isa = PBXBuildFile; fileRef = BB162CB51999A6F9002E2095 /* takeOff.caf */; };
		BB162CBA1999ABE7002E2095 /* collectSound.caf in Resources */ = {isa = PBXBuildFile; fileRef = BB162CB41999A6F4002E2095 /* collectSound.caf */; };
		BB162CBC1999AD81002E2095 /* Explode.caf in Resources */ = {isa = PBXBuildFile; fileRef = BB162CBB1999AD6F002E2095 /* Explode.caf */; };
		BB298DEC19A4FB7B004C1B5F /* TKLogosNode.m in Sources */ = {isa = PBXBuildFile; fileRef = BB298DEB19A4FB7B004C1B5F /* TKLogosNode.m */; };
		BB298DEE19A58B39004C1B5F /* sprites.atlas in Resources */ = {isa = PBXBuildFile; fileRef = BB298DED19A58B39004C1B5F /* sprites.atlas */; };
		BB298DF119A68E2D004C1B5F /* iAd.framework in Frameworks */ = {isa = PBXBuildFile; fileRef = BB298DF019A68E2D004C1B5F /* iAd.framework */; };
/* End PBXBuildFile section */

/* Begin PBXContainerItemProxy section */
		BB162BF319953896002E2095 /* PBXContainerItemProxy */ = {
			isa = PBXContainerItemProxy;
			containerPortal = BB162BBE19953896002E2095 /* Project object */;
			proxyType = 1;
			remoteGlobalIDString = BB162BC519953896002E2095;
			remoteInfo = "Space Rescue Dog";
		};
/* End PBXContainerItemProxy section */

/* Begin PBXFileReference section */
		19ACE0B71B1FA9780085486F /* Launch Screen.xib */ = {isa = PBXFileReference; fileEncoding = 4; lastKnownFileType = file.xib; path = "Launch Screen.xib"; sourceTree = "<group>"; };
		BB162BC619953896002E2095 /* Space Rescue Dog.app */ = {isa = PBXFileReference; explicitFileType = wrapper.application; includeInIndex = 0; path = "Space Rescue Dog.app"; sourceTree = BUILT_PRODUCTS_DIR; };
		BB162BC919953896002E2095 /* Foundation.framework */ = {isa = PBXFileReference; lastKnownFileType = wrapper.framework; name = Foundation.framework; path = System/Library/Frameworks/Foundation.framework; sourceTree = SDKROOT; };
		BB162BCB19953896002E2095 /* CoreGraphics.framework */ = {isa = PBXFileReference; lastKnownFileType = wrapper.framework; name = CoreGraphics.framework; path = System/Library/Frameworks/CoreGraphics.framework; sourceTree = SDKROOT; };
		BB162BCD19953896002E2095 /* UIKit.framework */ = {isa = PBXFileReference; lastKnownFileType = wrapper.framework; name = UIKit.framework; path = System/Library/Frameworks/UIKit.framework; sourceTree = SDKROOT; };
		BB162BCF19953896002E2095 /* SpriteKit.framework */ = {isa = PBXFileReference; lastKnownFileType = wrapper.framework; name = SpriteKit.framework; path = System/Library/Frameworks/SpriteKit.framework; sourceTree = SDKROOT; };
		BB162BD319953896002E2095 /* Space Rescue Dog-Info.plist */ = {isa = PBXFileReference; lastKnownFileType = text.plist.xml; path = "Space Rescue Dog-Info.plist"; sourceTree = "<group>"; };
		BB162BD519953896002E2095 /* en */ = {isa = PBXFileReference; lastKnownFileType = text.plist.strings; name = en; path = en.lproj/InfoPlist.strings; sourceTree = "<group>"; };
		BB162BD719953896002E2095 /* main.m */ = {isa = PBXFileReference; lastKnownFileType = sourcecode.c.objc; path = main.m; sourceTree = "<group>"; };
		BB162BD919953896002E2095 /* Space Rescue Dog-Prefix.pch */ = {isa = PBXFileReference; lastKnownFileType = sourcecode.c.h; path = "Space Rescue Dog-Prefix.pch"; sourceTree = "<group>"; };
		BB162BDA19953896002E2095 /* TKAppDelegate.h */ = {isa = PBXFileReference; lastKnownFileType = sourcecode.c.h; path = TKAppDelegate.h; sourceTree = "<group>"; };
		BB162BDB19953896002E2095 /* TKAppDelegate.m */ = {isa = PBXFileReference; lastKnownFileType = sourcecode.c.objc; path = TKAppDelegate.m; sourceTree = "<group>"; };
		BB162BDE19953896002E2095 /* Base */ = {isa = PBXFileReference; lastKnownFileType = file.storyboard; name = Base; path = Base.lproj/Main.storyboard; sourceTree = "<group>"; };
		BB162BE019953896002E2095 /* TKViewController.h */ = {isa = PBXFileReference; lastKnownFileType = sourcecode.c.h; path = TKViewController.h; sourceTree = "<group>"; };
		BB162BE119953896002E2095 /* TKViewController.m */ = {isa = PBXFileReference; lastKnownFileType = sourcecode.c.objc; path = TKViewController.m; sourceTree = "<group>"; };
		BB162BE819953896002E2095 /* Images.xcassets */ = {isa = PBXFileReference; lastKnownFileType = folder.assetcatalog; path = Images.xcassets; sourceTree = "<group>"; };
		BB162BEE19953896002E2095 /* Space Rescue DogTests.xctest */ = {isa = PBXFileReference; explicitFileType = wrapper.cfbundle; includeInIndex = 0; path = "Space Rescue DogTests.xctest"; sourceTree = BUILT_PRODUCTS_DIR; };
		BB162BEF19953896002E2095 /* XCTest.framework */ = {isa = PBXFileReference; lastKnownFileType = wrapper.framework; name = XCTest.framework; path = Library/Frameworks/XCTest.framework; sourceTree = DEVELOPER_DIR; };
		BB162BF719953896002E2095 /* Space Rescue DogTests-Info.plist */ = {isa = PBXFileReference; lastKnownFileType = text.plist.xml; path = "Space Rescue DogTests-Info.plist"; sourceTree = "<group>"; };
		BB162BF919953896002E2095 /* en */ = {isa = PBXFileReference; lastKnownFileType = text.plist.strings; name = en; path = en.lproj/InfoPlist.strings; sourceTree = "<group>"; };
		BB162BFB19953896002E2095 /* Space_Rescue_DogTests.m */ = {isa = PBXFileReference; lastKnownFileType = sourcecode.c.objc; path = Space_Rescue_DogTests.m; sourceTree = "<group>"; };
		BB162C08199539D6002E2095 /* TKUtil.h */ = {isa = PBXFileReference; fileEncoding = 4; lastKnownFileType = sourcecode.c.h; path = TKUtil.h; sourceTree = "<group>"; };
		BB162C09199539D6002E2095 /* TKUtil.m */ = {isa = PBXFileReference; fileEncoding = 4; lastKnownFileType = sourcecode.c.objc; path = TKUtil.m; sourceTree = "<group>"; };
		BB162C0B19953A03002E2095 /* TKStepNode.h */ = {isa = PBXFileReference; fileEncoding = 4; lastKnownFileType = sourcecode.c.h; path = TKStepNode.h; sourceTree = "<group>"; };
		BB162C0C19953A03002E2095 /* TKStepNode.m */ = {isa = PBXFileReference; fileEncoding = 4; lastKnownFileType = sourcecode.c.objc; path = TKStepNode.m; sourceTree = "<group>"; };
		BB162C0E19953A16002E2095 /* TKCollectablesNode.h */ = {isa = PBXFileReference; fileEncoding = 4; lastKnownFileType = sourcecode.c.h; path = TKCollectablesNode.h; sourceTree = "<group>"; };
		BB162C0F19953A16002E2095 /* TKCollectablesNode.m */ = {isa = PBXFileReference; fileEncoding = 4; lastKnownFileType = sourcecode.c.objc; path = TKCollectablesNode.m; sourceTree = "<group>"; };
		BB162C1219953A52002E2095 /* TKMeteoritesNode.h */ = {isa = PBXFileReference; fileEncoding = 4; lastKnownFileType = sourcecode.c.h; path = TKMeteoritesNode.h; sourceTree = "<group>"; };
		BB162C1319953A52002E2095 /* TKMeteoritesNode.m */ = {isa = PBXFileReference; fileEncoding = 4; lastKnownFileType = sourcecode.c.objc; path = TKMeteoritesNode.m; sourceTree = "<group>"; };
		BB162C1519953A63002E2095 /* TKScrollingNode.h */ = {isa = PBXFileReference; fileEncoding = 4; lastKnownFileType = sourcecode.c.h; path = TKScrollingNode.h; sourceTree = "<group>"; };
		BB162C1619953A63002E2095 /* TKScrollingNode.m */ = {isa = PBXFileReference; fileEncoding = 4; lastKnownFileType = sourcecode.c.objc; path = TKScrollingNode.m; sourceTree = "<group>"; };
		BB162C1919953A90002E2095 /* TKHudNode.h */ = {isa = PBXFileReference; fileEncoding = 4; lastKnownFileType = sourcecode.c.h; path = TKHudNode.h; sourceTree = "<group>"; };
		BB162C1A19953A90002E2095 /* TKHudNode.m */ = {isa = PBXFileReference; fileEncoding = 4; lastKnownFileType = sourcecode.c.objc; path = TKHudNode.m; sourceTree = "<group>"; };
		BB162C2319953B09002E2095 /* TKGameData.h */ = {isa = PBXFileReference; fileEncoding = 4; lastKnownFileType = sourcecode.c.h; path = TKGameData.h; sourceTree = "<group>"; };
		BB162C2419953B09002E2095 /* TKGameData.m */ = {isa = PBXFileReference; fileEncoding = 4; lastKnownFileType = sourcecode.c.objc; path = TKGameData.m; sourceTree = "<group>"; };
		BB162C2619953B2F002E2095 /* TKMainCharacterNode.h */ = {isa = PBXFileReference; fileEncoding = 4; lastKnownFileType = sourcecode.c.h; path = TKMainCharacterNode.h; sourceTree = "<group>"; };
		BB162C2719953B2F002E2095 /* TKMainCharacterNode.m */ = {isa = PBXFileReference; fileEncoding = 4; lastKnownFileType = sourcecode.c.objc; path = TKMainCharacterNode.m; sourceTree = "<group>"; };
		BB162C2919953B9C002E2095 /* TKGameplayScene.h */ = {isa = PBXFileReference; fileEncoding = 4; lastKnownFileType = sourcecode.c.h; path = TKGameplayScene.h; sourceTree = "<group>"; };
		BB162C2A19953B9C002E2095 /* TKGameplayScene.m */ = {isa = PBXFileReference; fileEncoding = 4; lastKnownFileType = sourcecode.c.objc; path = TKGameplayScene.m; sourceTree = "<group>"; };
		BB162C2D19953BF1002E2095 /* TKGameOverNode.h */ = {isa = PBXFileReference; fileEncoding = 4; lastKnownFileType = sourcecode.c.h; path = TKGameOverNode.h; sourceTree = "<group>"; };
		BB162C2E19953BF1002E2095 /* TKGameOverNode.m */ = {isa = PBXFileReference; fileEncoding = 4; lastKnownFileType = sourcecode.c.objc; path = TKGameOverNode.m; sourceTree = "<group>"; };
		BB162C3319953C1A002E2095 /* Gameplay.mp3 */ = {isa = PBXFileReference; lastKnownFileType = audio.mp3; path = Gameplay.mp3; sourceTree = "<group>"; };
		BB162C3419953C1A002E2095 /* Intro.mp3 */ = {isa = PBXFileReference; lastKnownFileType = audio.mp3; path = Intro.mp3; sourceTree = "<group>"; };
		BB162C3E19953C3F002E2095 /* ExplosionFire.sks */ = {isa = PBXFileReference; lastKnownFileType = file.sks; path = ExplosionFire.sks; sourceTree = "<group>"; };
		BB162C3F19953C3F002E2095 /* Smoke.png */ = {isa = PBXFileReference; lastKnownFileType = image.png; path = Smoke.png; sourceTree = "<group>"; };
		BB162C4019953C3F002E2095 /* Smoke.sks */ = {isa = PBXFileReference; lastKnownFileType = file.sks; path = Smoke.sks; sourceTree = "<group>"; };
		BB162C4119953C3F002E2095 /* Spark.sks */ = {isa = PBXFileReference; lastKnownFileType = file.sks; path = Spark.sks; sourceTree = "<group>"; };
		BB162C4A19953C9D002E2095 /* TKTitleScene.h */ = {isa = PBXFileReference; fileEncoding = 4; lastKnownFileType = sourcecode.c.h; path = TKTitleScene.h; sourceTree = "<group>"; };
		BB162C4B19953C9D002E2095 /* TKTitleScene.m */ = {isa = PBXFileReference; fileEncoding = 4; lastKnownFileType = sourcecode.c.objc; path = TKTitleScene.m; sourceTree = "<group>"; };
		BB162C4D1995D79A002E2095 /* AVFoundation.framework */ = {isa = PBXFileReference; lastKnownFileType = wrapper.framework; name = AVFoundation.framework; path = System/Library/Frameworks/AVFoundation.framework; sourceTree = SDKROOT; };
		BB162CAF1999249C002E2095 /* GameKit.framework */ = {isa = PBXFileReference; lastKnownFileType = wrapper.framework; name = GameKit.framework; path = System/Library/Frameworks/GameKit.framework; sourceTree = SDKROOT; };
		BB162CB31999A6EF002E2095 /* sceneSwitch.caf */ = {isa = PBXFileReference; lastKnownFileType = file; path = sceneSwitch.caf; sourceTree = "<group>"; };
		BB162CB41999A6F4002E2095 /* collectSound.caf */ = {isa = PBXFileReference; lastKnownFileType = file; path = collectSound.caf; sourceTree = "<group>"; };
		BB162CB51999A6F9002E2095 /* takeOff.caf */ = {isa = PBXFileReference; lastKnownFileType = file; path = takeOff.caf; sourceTree = "<group>"; };
		BB162CB61999A70A002E2095 /* GameoverSound.caf */ = {isa = PBXFileReference; lastKnownFileType = file; path = GameoverSound.caf; sourceTree = "<group>"; };
		BB162CBB1999AD6F002E2095 /* Explode.caf */ = {isa = PBXFileReference; lastKnownFileType = file; path = Explode.caf; sourceTree = "<group>"; };
		BB298DEA19A4FB7B004C1B5F /* TKLogosNode.h */ = {isa = PBXFileReference; fileEncoding = 4; lastKnownFileType = sourcecode.c.h; path = TKLogosNode.h; sourceTree = "<group>"; };
		BB298DEB19A4FB7B004C1B5F /* TKLogosNode.m */ = {isa = PBXFileReference; fileEncoding = 4; lastKnownFileType = sourcecode.c.objc; path = TKLogosNode.m; sourceTree = "<group>"; };
		BB298DED19A58B39004C1B5F /* sprites.atlas */ = {isa = PBXFileReference; lastKnownFileType = folder.skatlas; path = sprites.atlas; sourceTree = "<group>"; };
		BB298DF019A68E2D004C1B5F /* iAd.framework */ = {isa = PBXFileReference; lastKnownFileType = wrapper.framework; name = iAd.framework; path = System/Library/Frameworks/iAd.framework; sourceTree = SDKROOT; };
/* End PBXFileReference section */

/* Begin PBXFrameworksBuildPhase section */
		BB162BC319953896002E2095 /* Frameworks */ = {
			isa = PBXFrameworksBuildPhase;
			buildActionMask = 2147483647;
			files = (
				BB298DF119A68E2D004C1B5F /* iAd.framework in Frameworks */,
				BB162C4E1995D79A002E2095 /* AVFoundation.framework in Frameworks */,
				BB162BCC19953896002E2095 /* CoreGraphics.framework in Frameworks */,
				BB162BCE19953896002E2095 /* UIKit.framework in Frameworks */,
				BB162CB01999249C002E2095 /* GameKit.framework in Frameworks */,
				BB162BD019953896002E2095 /* SpriteKit.framework in Frameworks */,
				BB162BCA19953896002E2095 /* Foundation.framework in Frameworks */,
			);
			runOnlyForDeploymentPostprocessing = 0;
		};
		BB162BEB19953896002E2095 /* Frameworks */ = {
			isa = PBXFrameworksBuildPhase;
			buildActionMask = 2147483647;
			files = (
				BB162BF019953896002E2095 /* XCTest.framework in Frameworks */,
				BB162BF219953896002E2095 /* UIKit.framework in Frameworks */,
				BB162BF119953896002E2095 /* Foundation.framework in Frameworks */,
			);
			runOnlyForDeploymentPostprocessing = 0;
		};
/* End PBXFrameworksBuildPhase section */

/* Begin PBXGroup section */
		BB162BBD19953896002E2095 = {
			isa = PBXGroup;
			children = (
				BB162BD119953896002E2095 /* Space Rescue Dog */,
				BB162BC819953896002E2095 /* Frameworks */,
				BB162BF519953896002E2095 /* Space Rescue DogTests */,
				BB162BC719953896002E2095 /* Products */,
			);
			sourceTree = "<group>";
		};
		BB162BC719953896002E2095 /* Products */ = {
			isa = PBXGroup;
			children = (
				BB162BC619953896002E2095 /* Space Rescue Dog.app */,
				BB162BEE19953896002E2095 /* Space Rescue DogTests.xctest */,
			);
			name = Products;
			sourceTree = "<group>";
		};
		BB162BC819953896002E2095 /* Frameworks */ = {
			isa = PBXGroup;
			children = (
				BB298DF019A68E2D004C1B5F /* iAd.framework */,
				BB162CAF1999249C002E2095 /* GameKit.framework */,
				BB162C4D1995D79A002E2095 /* AVFoundation.framework */,
				BB162BC919953896002E2095 /* Foundation.framework */,
				BB162BCB19953896002E2095 /* CoreGraphics.framework */,
				BB162BCD19953896002E2095 /* UIKit.framework */,
				BB162BCF19953896002E2095 /* SpriteKit.framework */,
				BB162BEF19953896002E2095 /* XCTest.framework */,
			);
			name = Frameworks;
			sourceTree = "<group>";
		};
		BB162BD119953896002E2095 /* Space Rescue Dog */ = {
			isa = PBXGroup;
			children = (
				BB298DED19A58B39004C1B5F /* sprites.atlas */,
				BB298DCC19A3C12E004C1B5F /* Game Center */,
				BB162C06199539AF002E2095 /* scenes */,
				BB162C2C19953BE7002E2095 /* Game over */,
				BB162C2219953B00002E2095 /* Game Data */,
				BB162C05199539A7002E2095 /* sprites */,
				BB162C1819953A7D002E2095 /* HUD */,
				BB162C1119953A28002E2095 /* Scrolling Background */,
				BB162C07199539B6002E2095 /* constants */,
				BB162C3019953BFE002E2095 /* Music/sound efx */,
				BB162C3D19953C1F002E2095 /* special efx */,
				BB162BDD19953896002E2095 /* Main.storyboard */,
				BB162BE819953896002E2095 /* Images.xcassets */,
				BB162BD219953896002E2095 /* Supporting Files */,
				19ACE0B71B1FA9780085486F /* Launch Screen.xib */,
			);
			path = "Space Rescue Dog";
			sourceTree = "<group>";
		};
		BB162BD219953896002E2095 /* Supporting Files */ = {
			isa = PBXGroup;
			children = (
				BB162BE019953896002E2095 /* TKViewController.h */,
				BB162BE119953896002E2095 /* TKViewController.m */,
				BB162BDA19953896002E2095 /* TKAppDelegate.h */,
				BB162BDB19953896002E2095 /* TKAppDelegate.m */,
				BB162BD319953896002E2095 /* Space Rescue Dog-Info.plist */,
				BB162BD419953896002E2095 /* InfoPlist.strings */,
				BB162BD719953896002E2095 /* main.m */,
				BB162BD919953896002E2095 /* Space Rescue Dog-Prefix.pch */,
			);
			name = "Supporting Files";
			sourceTree = "<group>";
		};
		BB162BF519953896002E2095 /* Space Rescue DogTests */ = {
			isa = PBXGroup;
			children = (
				BB162BFB19953896002E2095 /* Space_Rescue_DogTests.m */,
				BB162BF619953896002E2095 /* Supporting Files */,
			);
			path = "Space Rescue DogTests";
			sourceTree = "<group>";
		};
		BB162BF619953896002E2095 /* Supporting Files */ = {
			isa = PBXGroup;
			children = (
				BB162BF719953896002E2095 /* Space Rescue DogTests-Info.plist */,
				BB162BF819953896002E2095 /* InfoPlist.strings */,
			);
			name = "Supporting Files";
			sourceTree = "<group>";
		};
		BB162C05199539A7002E2095 /* sprites */ = {
			isa = PBXGroup;
			children = (
				BB162C2619953B2F002E2095 /* TKMainCharacterNode.h */,
				BB162C2719953B2F002E2095 /* TKMainCharacterNode.m */,
				BB162C1219953A52002E2095 /* TKMeteoritesNode.h */,
				BB162C1319953A52002E2095 /* TKMeteoritesNode.m */,
				BB162C0E19953A16002E2095 /* TKCollectablesNode.h */,
				BB162C0F19953A16002E2095 /* TKCollectablesNode.m */,
				BB162C0B19953A03002E2095 /* TKStepNode.h */,
				BB162C0C19953A03002E2095 /* TKStepNode.m */,
			);
			name = sprites;
			sourceTree = "<group>";
		};
		BB162C06199539AF002E2095 /* scenes */ = {
			isa = PBXGroup;
			children = (
				BB162C4A19953C9D002E2095 /* TKTitleScene.h */,
				BB162C4B19953C9D002E2095 /* TKTitleScene.m */,
				BB162C2919953B9C002E2095 /* TKGameplayScene.h */,
				BB162C2A19953B9C002E2095 /* TKGameplayScene.m */,
			);
			name = scenes;
			sourceTree = "<group>";
		};
		BB162C07199539B6002E2095 /* constants */ = {
			isa = PBXGroup;
			children = (
				BB162C08199539D6002E2095 /* TKUtil.h */,
				BB162C09199539D6002E2095 /* TKUtil.m */,
			);
			name = constants;
			sourceTree = "<group>";
		};
		BB162C1119953A28002E2095 /* Scrolling Background */ = {
			isa = PBXGroup;
			children = (
				BB162C1519953A63002E2095 /* TKScrollingNode.h */,
				BB162C1619953A63002E2095 /* TKScrollingNode.m */,
			);
			name = "Scrolling Background";
			sourceTree = "<group>";
		};
		BB162C1819953A7D002E2095 /* HUD */ = {
			isa = PBXGroup;
			children = (
				BB162C1919953A90002E2095 /* TKHudNode.h */,
				BB162C1A19953A90002E2095 /* TKHudNode.m */,
			);
			name = HUD;
			sourceTree = "<group>";
		};
		BB162C2219953B00002E2095 /* Game Data */ = {
			isa = PBXGroup;
			children = (
				BB162C2319953B09002E2095 /* TKGameData.h */,
				BB162C2419953B09002E2095 /* TKGameData.m */,
			);
			name = "Game Data";
			sourceTree = "<group>";
		};
		BB162C2C19953BE7002E2095 /* Game over */ = {
			isa = PBXGroup;
			children = (
				BB162C2D19953BF1002E2095 /* TKGameOverNode.h */,
				BB162C2E19953BF1002E2095 /* TKGameOverNode.m */,
			);
			name = "Game over";
			sourceTree = "<group>";
		};
		BB162C3019953BFE002E2095 /* Music/sound efx */ = {
			isa = PBXGroup;
			children = (
				BB162CB31999A6EF002E2095 /* sceneSwitch.caf */,
				BB162CB61999A70A002E2095 /* GameoverSound.caf */,
				BB162CBB1999AD6F002E2095 /* Explode.caf */,
				BB162CB51999A6F9002E2095 /* takeOff.caf */,
				BB162CB41999A6F4002E2095 /* collectSound.caf */,
				BB162C3319953C1A002E2095 /* Gameplay.mp3 */,
				BB162C3419953C1A002E2095 /* Intro.mp3 */,
			);
			name = "Music/sound efx";
			sourceTree = "<group>";
		};
		BB162C3D19953C1F002E2095 /* special efx */ = {
			isa = PBXGroup;
			children = (
				BB162C3E19953C3F002E2095 /* ExplosionFire.sks */,
				BB162C3F19953C3F002E2095 /* Smoke.png */,
				BB162C4019953C3F002E2095 /* Smoke.sks */,
				BB162C4119953C3F002E2095 /* Spark.sks */,
			);
			name = "special efx";
			sourceTree = "<group>";
		};
		BB298DCC19A3C12E004C1B5F /* Game Center */ = {
			isa = PBXGroup;
			children = (
				BB298DEA19A4FB7B004C1B5F /* TKLogosNode.h */,
				BB298DEB19A4FB7B004C1B5F /* TKLogosNode.m */,
			);
			name = "Game Center";
			sourceTree = "<group>";
		};
/* End PBXGroup section */

/* Begin PBXNativeTarget section */
		BB162BC519953896002E2095 /* Space Rescue Dog */ = {
			isa = PBXNativeTarget;
			buildConfigurationList = BB162BFF19953896002E2095 /* Build configuration list for PBXNativeTarget "Space Rescue Dog" */;
			buildPhases = (
				BB162BC219953896002E2095 /* Sources */,
				BB162BC319953896002E2095 /* Frameworks */,
				BB162BC419953896002E2095 /* Resources */,
			);
			buildRules = (
			);
			dependencies = (
			);
			name = "Space Rescue Dog";
			productName = "Space Rescue Dog";
			productReference = BB162BC619953896002E2095 /* Space Rescue Dog.app */;
			productType = "com.apple.product-type.application";
		};
		BB162BED19953896002E2095 /* Space Rescue DogTests */ = {
			isa = PBXNativeTarget;
			buildConfigurationList = BB162C0219953896002E2095 /* Build configuration list for PBXNativeTarget "Space Rescue DogTests" */;
			buildPhases = (
				BB162BEA19953896002E2095 /* Sources */,
				BB162BEB19953896002E2095 /* Frameworks */,
				BB162BEC19953896002E2095 /* Resources */,
			);
			buildRules = (
			);
			dependencies = (
				BB162BF419953896002E2095 /* PBXTargetDependency */,
			);
			name = "Space Rescue DogTests";
			productName = "Space Rescue DogTests";
			productReference = BB162BEE19953896002E2095 /* Space Rescue DogTests.xctest */;
			productType = "com.apple.product-type.bundle.unit-test";
		};
/* End PBXNativeTarget section */

/* Begin PBXProject section */
		BB162BBE19953896002E2095 /* Project object */ = {
			isa = PBXProject;
			attributes = {
				CLASSPREFIX = TK;
				LastUpgradeCheck = 0510;
				ORGANIZATIONNAME = "Tuke Entertainment";
				TargetAttributes = {
					BB162BC519953896002E2095 = {
						DevelopmentTeam = RAPZRR6X8A;
						SystemCapabilities = {
							com.apple.GameCenter = {
								enabled = 1;
							};
						};
					};
					BB162BED19953896002E2095 = {
						TestTargetID = BB162BC519953896002E2095;
					};
				};
			};
			buildConfigurationList = BB162BC119953896002E2095 /* Build configuration list for PBXProject "Space Rescue Dog" */;
			compatibilityVersion = "Xcode 3.2";
			developmentRegion = English;
			hasScannedForEncodings = 0;
			knownRegions = (
				en,
				Base,
			);
			mainGroup = BB162BBD19953896002E2095;
			productRefGroup = BB162BC719953896002E2095 /* Products */;
			projectDirPath = "";
			projectRoot = "";
			targets = (
				BB162BC519953896002E2095 /* Space Rescue Dog */,
				BB162BED19953896002E2095 /* Space Rescue DogTests */,
			);
		};
/* End PBXProject section */

/* Begin PBXResourcesBuildPhase section */
		BB162BC419953896002E2095 /* Resources */ = {
			isa = PBXResourcesBuildPhase;
			buildActionMask = 2147483647;
			files = (
				BB162CBC1999AD81002E2095 /* Explode.caf in Resources */,
				BB162CB71999ABE7002E2095 /* sceneSwitch.caf in Resources */,
				BB162CB81999ABE7002E2095 /* GameoverSound.caf in Resources */,
				BB162CB91999ABE7002E2095 /* takeOff.caf in Resources */,
				BB162CBA1999ABE7002E2095 /* collectSound.caf in Resources */,
				BB162C4219953C3F002E2095 /* ExplosionFire.sks in Resources */,
				19E1DA1B1B1EB5F00002312B /* Main.storyboard in Resources */,
				BB162BD619953896002E2095 /* InfoPlist.strings in Resources */,
				BB162C4419953C3F002E2095 /* Smoke.sks in Resources */,
				BB162C4519953C3F002E2095 /* Spark.sks in Resources */,
				BB298DEE19A58B39004C1B5F /* sprites.atlas in Resources */,
				BB162BE919953896002E2095 /* Images.xcassets in Resources */,
				BB162C3A19953C1A002E2095 /* Intro.mp3 in Resources */,
				19ACE0B81B1FA9780085486F /* Launch Screen.xib in Resources */,
				BB162C3919953C1A002E2095 /* Gameplay.mp3 in Resources */,
				BB162C4319953C3F002E2095 /* Smoke.png in Resources */,
			);
			runOnlyForDeploymentPostprocessing = 0;
		};
		BB162BEC19953896002E2095 /* Resources */ = {
			isa = PBXResourcesBuildPhase;
			buildActionMask = 2147483647;
			files = (
				BB162BFA19953896002E2095 /* InfoPlist.strings in Resources */,
			);
			runOnlyForDeploymentPostprocessing = 0;
		};
/* End PBXResourcesBuildPhase section */

/* Begin PBXSourcesBuildPhase section */
		BB162BC219953896002E2095 /* Sources */ = {
			isa = PBXSourcesBuildPhase;
			buildActionMask = 2147483647;
			files = (
				BB162C0A199539D6002E2095 /* TKUtil.m in Sources */,
				BB162C1419953A52002E2095 /* TKMeteoritesNode.m in Sources */,
				BB162C2519953B09002E2095 /* TKGameData.m in Sources */,
				BB162C4C19953C9D002E2095 /* TKTitleScene.m in Sources */,
				BB162C2819953B2F002E2095 /* TKMainCharacterNode.m in Sources */,
				BB162C2F19953BF1002E2095 /* TKGameOverNode.m in Sources */,
				BB162BE219953896002E2095 /* TKViewController.m in Sources */,
				BB162BD819953896002E2095 /* main.m in Sources */,
				BB162BDC19953896002E2095 /* TKAppDelegate.m in Sources */,
				BB162C0D19953A03002E2095 /* TKStepNode.m in Sources */,
				BB162C1B19953A90002E2095 /* TKHudNode.m in Sources */,
				BB298DEC19A4FB7B004C1B5F /* TKLogosNode.m in Sources */,
				BB162C1719953A63002E2095 /* TKScrollingNode.m in Sources */,
				BB162C1019953A16002E2095 /* TKCollectablesNode.m in Sources */,
				BB162C2B19953B9C002E2095 /* TKGameplayScene.m in Sources */,
			);
			runOnlyForDeploymentPostprocessing = 0;
		};
		BB162BEA19953896002E2095 /* Sources */ = {
			isa = PBXSourcesBuildPhase;
			buildActionMask = 2147483647;
			files = (
				BB162BFC19953896002E2095 /* Space_Rescue_DogTests.m in Sources */,
			);
			runOnlyForDeploymentPostprocessing = 0;
		};
/* End PBXSourcesBuildPhase section */

/* Begin PBXTargetDependency section */
		BB162BF419953896002E2095 /* PBXTargetDependency */ = {
			isa = PBXTargetDependency;
			target = BB162BC519953896002E2095 /* Space Rescue Dog */;
			targetProxy = BB162BF319953896002E2095 /* PBXContainerItemProxy */;
		};
/* End PBXTargetDependency section */

/* Begin PBXVariantGroup section */
		BB162BD419953896002E2095 /* InfoPlist.strings */ = {
			isa = PBXVariantGroup;
			children = (
				BB162BD519953896002E2095 /* en */,
			);
			name = InfoPlist.strings;
			sourceTree = "<group>";
		};
		BB162BDD19953896002E2095 /* Main.storyboard */ = {
			isa = PBXVariantGroup;
			children = (
				BB162BDE19953896002E2095 /* Base */,
			);
			name = Main.storyboard;
			sourceTree = "<group>";
		};
		BB162BF819953896002E2095 /* InfoPlist.strings */ = {
			isa = PBXVariantGroup;
			children = (
				BB162BF919953896002E2095 /* en */,
			);
			name = InfoPlist.strings;
			sourceTree = "<group>";
		};
/* End PBXVariantGroup section */

/* Begin XCBuildConfiguration section */
		BB162BFD19953896002E2095 /* Debug */ = {
			isa = XCBuildConfiguration;
			buildSettings = {
				ALWAYS_SEARCH_USER_PATHS = NO;
				CLANG_CXX_LANGUAGE_STANDARD = "gnu++0x";
				CLANG_CXX_LIBRARY = "libc++";
				CLANG_ENABLE_MODULES = YES;
				CLANG_ENABLE_OBJC_ARC = YES;
				CLANG_WARN_BOOL_CONVERSION = YES;
				CLANG_WARN_CONSTANT_CONVERSION = YES;
				CLANG_WARN_DIRECT_OBJC_ISA_USAGE = YES_ERROR;
				CLANG_WARN_EMPTY_BODY = YES;
				CLANG_WARN_ENUM_CONVERSION = YES;
				CLANG_WARN_INT_CONVERSION = YES;
				CLANG_WARN_OBJC_ROOT_CLASS = YES_ERROR;
				CLANG_WARN__DUPLICATE_METHOD_MATCH = YES;
				"CODE_SIGN_IDENTITY[sdk=iphoneos*]" = "iPhone Developer";
				COPY_PHASE_STRIP = NO;
				GCC_C_LANGUAGE_STANDARD = gnu99;
				GCC_DYNAMIC_NO_PIC = NO;
				GCC_OPTIMIZATION_LEVEL = 0;
				GCC_PREPROCESSOR_DEFINITIONS = (
					"DEBUG=1",
					"$(inherited)",
				);
				GCC_SYMBOLS_PRIVATE_EXTERN = NO;
				GCC_WARN_64_TO_32_BIT_CONVERSION = YES;
				GCC_WARN_ABOUT_RETURN_TYPE = YES_ERROR;
				GCC_WARN_UNDECLARED_SELECTOR = YES;
				GCC_WARN_UNINITIALIZED_AUTOS = YES_AGGRESSIVE;
				GCC_WARN_UNUSED_FUNCTION = YES;
				GCC_WARN_UNUSED_VARIABLE = YES;
				IPHONEOS_DEPLOYMENT_TARGET = 7.1;
				ONLY_ACTIVE_ARCH = YES;
				SDKROOT = iphoneos;
			};
			name = Debug;
		};
		BB162BFE19953896002E2095 /* Release */ = {
			isa = XCBuildConfiguration;
			buildSettings = {
				ALWAYS_SEARCH_USER_PATHS = NO;
				CLANG_CXX_LANGUAGE_STANDARD = "gnu++0x";
				CLANG_CXX_LIBRARY = "libc++";
				CLANG_ENABLE_MODULES = YES;
				CLANG_ENABLE_OBJC_ARC = YES;
				CLANG_WARN_BOOL_CONVERSION = YES;
				CLANG_WARN_CONSTANT_CONVERSION = YES;
				CLANG_WARN_DIRECT_OBJC_ISA_USAGE = YES_ERROR;
				CLANG_WARN_EMPTY_BODY = YES;
				CLANG_WARN_ENUM_CONVERSION = YES;
				CLANG_WARN_INT_CONVERSION = YES;
				CLANG_WARN_OBJC_ROOT_CLASS = YES_ERROR;
				CLANG_WARN__DUPLICATE_METHOD_MATCH = YES;
				"CODE_SIGN_IDENTITY[sdk=iphoneos*]" = "iPhone Developer";
				COPY_PHASE_STRIP = YES;
				ENABLE_NS_ASSERTIONS = NO;
				GCC_C_LANGUAGE_STANDARD = gnu99;
				GCC_WARN_64_TO_32_BIT_CONVERSION = YES;
				GCC_WARN_ABOUT_RETURN_TYPE = YES_ERROR;
				GCC_WARN_UNDECLARED_SELECTOR = YES;
				GCC_WARN_UNINITIALIZED_AUTOS = YES_AGGRESSIVE;
				GCC_WARN_UNUSED_FUNCTION = YES;
				GCC_WARN_UNUSED_VARIABLE = YES;
				IPHONEOS_DEPLOYMENT_TARGET = 7.1;
				SDKROOT = iphoneos;
				VALIDATE_PRODUCT = YES;
			};
			name = Release;
		};
		BB162C0019953896002E2095 /* Debug */ = {
			isa = XCBuildConfiguration;
			buildSettings = {
				ASSETCATALOG_COMPILER_APPICON_NAME = AppIcon;
				ASSETCATALOG_COMPILER_LAUNCHIMAGE_NAME = LaunchImage;
				CLANG_ENABLE_OBJC_ARC = YES;
				CODE_SIGN_IDENTITY = "iPhone Developer: Tushig Ochirkhuyag (9BT558E2W9)";
				"CODE_SIGN_IDENTITY[sdk=iphoneos*]" = "iPhone Developer: Tushig Ochirkhuyag (9BT558E2W9)";
				GCC_PRECOMPILE_PREFIX_HEADER = YES;
				GCC_PREFIX_HEADER = "Space Rescue Dog/Space Rescue Dog-Prefix.pch";
				INFOPLIST_FILE = "Space Rescue Dog/Space Rescue Dog-Info.plist";
				PRODUCT_NAME = "$(TARGET_NAME)";
				PROVISIONING_PROFILE = "1398cf94-d8b5-444f-9206-f67babda3373";
				SPRITEKIT_TEXTURE_ATLAS_OUTPUT = YES;
				WRAPPER_EXTENSION = app;
			};
			name = Debug;
		};
		BB162C0119953896002E2095 /* Release */ = {
			isa = XCBuildConfiguration;
			buildSettings = {
				ASSETCATALOG_COMPILER_APPICON_NAME = AppIcon;
				ASSETCATALOG_COMPILER_LAUNCHIMAGE_NAME = LaunchImage;
				CLANG_ENABLE_OBJC_ARC = YES;
				CODE_SIGN_IDENTITY = "iPhone Distribution: Tushig Ochirkhuyag (RAPZRR6X8A)";
				"CODE_SIGN_IDENTITY[sdk=iphoneos*]" = "iPhone Distribution: Tushig Ochirkhuyag (RAPZRR6X8A)";
				GCC_PRECOMPILE_PREFIX_HEADER = YES;
				GCC_PREFIX_HEADER = "Space Rescue Dog/Space Rescue Dog-Prefix.pch";
				INFOPLIST_FILE = "Space Rescue Dog/Space Rescue Dog-Info.plist";
				PRODUCT_NAME = "$(TARGET_NAME)";
				PROVISIONING_PROFILE = "1398cf94-d8b5-444f-9206-f67babda3373";
				SPRITEKIT_TEXTURE_ATLAS_OUTPUT = YES;
				WRAPPER_EXTENSION = app;
			};
			name = Release;
		};
		BB162C0319953896002E2095 /* Debug */ = {
			isa = XCBuildConfiguration;
			buildSettings = {
				BUNDLE_LOADER = "$(BUILT_PRODUCTS_DIR)/Space Rescue Dog.app/Space Rescue Dog";
				CLANG_ENABLE_OBJC_ARC = YES;
				FRAMEWORK_SEARCH_PATHS = (
					"$(SDKROOT)/Developer/Library/Frameworks",
					"$(inherited)",
					"$(DEVELOPER_FRAMEWORKS_DIR)",
				);
				GCC_PRECOMPILE_PREFIX_HEADER = YES;
				GCC_PREFIX_HEADER = "Space Rescue Dog/Space Rescue Dog-Prefix.pch";
				GCC_PREPROCESSOR_DEFINITIONS = (
					"DEBUG=1",
					"$(inherited)",
				);
				INFOPLIST_FILE = "Space Rescue DogTests/Space Rescue DogTests-Info.plist";
				PRODUCT_NAME = "$(TARGET_NAME)";
				TEST_HOST = "$(BUNDLE_LOADER)";
				WRAPPER_EXTENSION = xctest;
			};
			name = Debug;
		};
		BB162C0419953896002E2095 /* Release */ = {
			isa = XCBuildConfiguration;
			buildSettings = {
				BUNDLE_LOADER = "$(BUILT_PRODUCTS_DIR)/Space Rescue Dog.app/Space Rescue Dog";
				CLANG_ENABLE_OBJC_ARC = YES;
				FRAMEWORK_SEARCH_PATHS = (
					"$(SDKROOT)/Developer/Library/Frameworks",
					"$(inherited)",
					"$(DEVELOPER_FRAMEWORKS_DIR)",
				);
				GCC_PRECOMPILE_PREFIX_HEADER = YES;
				GCC_PREFIX_HEADER = "Space Rescue Dog/Space Rescue Dog-Prefix.pch";
				INFOPLIST_FILE = "Space Rescue DogTests/Space Rescue DogTests-Info.plist";
				PRODUCT_NAME = "$(TARGET_NAME)";
				TEST_HOST = "$(BUNDLE_LOADER)";
				WRAPPER_EXTENSION = xctest;
			};
			name = Release;
		};
/* End XCBuildConfiguration section */

/* Begin XCConfigurationList section */
		BB162BC119953896002E2095 /* Build configuration list for PBXProject "Space Rescue Dog" */ = {
			isa = XCConfigurationList;
			buildConfigurations = (
				BB162BFD19953896002E2095 /* Debug */,
				BB162BFE19953896002E2095 /* Release */,
			);
			defaultConfigurationIsVisible = 0;
			defaultConfigurationName = Release;
		};
		BB162BFF19953896002E2095 /* Build configuration list for PBXNativeTarget "Space Rescue Dog" */ = {
			isa = XCConfigurationList;
			buildConfigurations = (
				BB162C0019953896002E2095 /* Debug */,
				BB162C0119953896002E2095 /* Release */,
			);
			defaultConfigurationIsVisible = 0;
			defaultConfigurationName = Release;
		};
		BB162C0219953896002E2095 /* Build configuration list for PBXNativeTarget "Space Rescue DogTests" */ = {
			isa = XCConfigurationList;
			buildConfigurations = (
				BB162C0319953896002E2095 /* Debug */,
				BB162C0419953896002E2095 /* Release */,
			);
			defaultConfigurationIsVisible = 0;
			defaultConfigurationName = Release;
		};
/* End XCConfigurationList section */
	};
	rootObject = BB162BBE19953896002E2095 /* Project object */;
}
